
Microsoft Visual Studio Solution File, Format Version 12.00
# Visual Studio Version 17
VisualStudioVersion = 17.6.33927.249
MinimumVisualStudioVersion = 10.0.40219.1
Project("{FAE04EC0-301F-11D3-BF4B-00C04F79EFBC}") = "LINQ_001", "LINQ_001.csproj", "{FB9072CA-767E-4439-982E-1321CAFC6295}"
EndProject
Global
	GlobalSection(SolutionConfigurationPlatforms) = preSolution
		Debug|Any CPU = Debug|Any CPU
		Release|Any CPU = Release|Any CPU
	EndGlobalSection
	GlobalSection(ProjectConfigurationPlatforms) = postSolution
		{FB9072CA-767E-4439-982E-1321CAFC6295}.Debug|Any CPU.ActiveCfg = Debug|Any CPU
		{FB9072CA-767E-4439-982E-1321CAFC6295}.Debug|Any CPU.Build.0 = Debug|Any CPU
		{FB9072CA-767E-4439-982E-1321CAFC6295}.Release|Any CPU.ActiveCfg = Release|Any CPU
		{FB9072CA-767E-4439-982E-1321CAFC6295}.Release|Any CPU.Build.0 = Release|Any CPU
	EndGlobalSection
	GlobalSection(SolutionProperties) = preSolution
		HideSolutionNode = FALSE
	EndGlobalSection
	GlobalSection(ExtensibilityGlobals) = postSolution
		SolutionGuid = {BAF2C5CA-3EEC-4538-A910-CD9B0B474599}
	EndGlobalSection
EndGlobal
